name: Update flake lock

on:
  workflow_dispatch:
  schedule:
    - cron: "43 10 * * 1"

permissions:
  contents: read

concurrency:
  group: update-flake-lock
  cancel-in-progress: false

jobs:
  update:
    runs-on: ubuntu-latest

    steps:
      - uses: actions/checkout@v6

      - uses: cachix/install-nix-action@v31
      - uses: DeterminateSystems/magic-nix-cache-action@v14

      - name: Update flake inputs
        run: nix flake update

      - name: Check flake
        run: nix flake check --all-systems

      - name: Build packages
        run: |
          nix build --no-link .#agy-bin
          nix build --no-link .#agy-fhs-live
          nix build --no-link .#agy-sandboxed

      - name: Create pull request
        id: cpr
        uses: peter-evans/create-pull-request@5f6978faf089d4d20b00c7766989d076bb2fc7f1 # v8.1.1
        with:
          token: ${{ secrets.UPDATE_PR_TOKEN }}
          branch: update/flake-lock
          add-paths: flake.lock
          title: Update flake lock
          commit-message: Update flake lock
          body: |
            Automated update of `flake.lock`.

      - name: Approve pull request
        if: steps.cpr.outputs.pull-request-number != ''
        uses: actions/github-script@3a2844b7e9c422d3c10d287c895573f7108da1b3 # v9.0.0
        with:
          github-token: ${{ secrets.AUTO_APPROVE_TOKEN }}
          script: |
            await github.rest.pulls.createReview({
              owner: context.repo.owner,
              repo: context.repo.repo,
              pull_number: Number('${{ steps.cpr.outputs.pull-request-number }}'),
              event: 'APPROVE',
              body: 'Auto-approved trusted scheduled update PR.'
            });

      - name: Enable auto-merge
        if: steps.cpr.outputs.pull-request-number != ''
        env:
          GH_TOKEN: ${{ secrets.UPDATE_PR_TOKEN }}
        run: gh pr merge "${{ steps.cpr.outputs.pull-request-number }}" --auto --squash --delete-branch
